
Microsoft Visual Studio Solution File, Format Version 11.00
# Visual Studio 2010
Project("{FAE04EC0-301F-11D3-BF4B-00C04F79EFBC}") = "TimeTrackerPrototype", "TimeTrackerPrototype\TimeTrackerPrototype.csproj", "{c1af0fdb-4672-40e8-9969-348d81e0759c}"
EndProject
Project("{FAE04EC0-301F-11D3-BF4B-00C04F79EFBC}") = "TimeTrackerPrototypeScreens", "TimeTrackerPrototype\TimeTrackerPrototypeScreens\TimeTrackerPrototypeScreens.csproj", "{884b6106-3551-4648-bb84-b1943d77d66c}"
EndProject
Project("{FAE04EC0-301F-11D3-BF4B-00C04F79EFBC}") = "Lib", "Lib\Lib.csproj", "{92c5e6ba-1d07-496c-9ddc-9b1c952e1a30}"
EndProject
Global
	GlobalSection(SolutionConfigurationPlatforms) = preSolution
		Debug|Any CPU = Debug|Any CPU
		Release|Any CPU = Release|Any CPU
	EndGlobalSection
	GlobalSection(ProjectConfigurationPlatforms) = postSolution
		{C1AF0FDB-4672-40E8-9969-348D81E0759C}.Debug|Any CPU.ActiveCfg = Debug|Any CPU
		{C1AF0FDB-4672-40E8-9969-348D81E0759C}.Debug|Any CPU.Build.0 = Debug|Any CPU
		{C1AF0FDB-4672-40E8-9969-348D81E0759C}.Release|Any CPU.ActiveCfg = Release|Any CPU
		{C1AF0FDB-4672-40E8-9969-348D81E0759C}.Release|Any CPU.Build.0 = Release|Any CPU
		{884B6106-3551-4648-BB84-B1943D77D66C}.Debug|Any CPU.ActiveCfg = Debug|Any CPU
		{884B6106-3551-4648-BB84-B1943D77D66C}.Debug|Any CPU.Build.0 = Debug|Any CPU
		{884B6106-3551-4648-BB84-B1943D77D66C}.Release|Any CPU.ActiveCfg = Release|Any CPU
		{884B6106-3551-4648-BB84-B1943D77D66C}.Release|Any CPU.Build.0 = Release|Any CPU
		{92C5E6BA-1D07-496C-9DDC-9B1C952E1A30}.Debug|Any CPU.ActiveCfg = Debug|Any CPU
		{92C5E6BA-1D07-496C-9DDC-9B1C952E1A30}.Debug|Any CPU.Build.0 = Debug|Any CPU
		{92C5E6BA-1D07-496C-9DDC-9B1C952E1A30}.Release|Any CPU.ActiveCfg = Release|Any CPU
		{92C5E6BA-1D07-496C-9DDC-9B1C952E1A30}.Release|Any CPU.Build.0 = Release|Any CPU
	EndGlobalSection
EndGlobal
